
Microsoft Visual Studio Solution File, Format Version 12.00
# Visual Studio Version 17
VisualStudioVersion = 17.2.32526.322
MinimumVisualStudioVersion = 10.0.40219.1
Project("{888888A0-9F3D-457C-B088-3A5042F75D52}") = "fluffy-bot", "fluffy-bot.pyproj", "{4CEC6751-8C04-4B62-9BA2-C2293677C59B}"
EndProject
Global
	GlobalSection(SolutionConfigurationPlatforms) = preSolution
		Debug|Any CPU = Debug|Any CPU
		Release|Any CPU = Release|Any CPU
	EndGlobalSection
	GlobalSection(ProjectConfigurationPlatforms) = postSolution
		{4CEC6751-8C04-4B62-9BA2-C2293677C59B}.Debug|Any CPU.ActiveCfg = Debug|Any CPU
		{4CEC6751-8C04-4B62-9BA2-C2293677C59B}.Release|Any CPU.ActiveCfg = Release|Any CPU
	EndGlobalSection
	GlobalSection(SolutionProperties) = preSolution
		HideSolutionNode = FALSE
	EndGlobalSection
	GlobalSection(ExtensibilityGlobals) = postSolution
		SolutionGuid = {D0602201-2373-4C93-9C3F-3520317D772B}
	EndGlobalSection
EndGlobal
